
Microsoft Visual Studio Solution File, Format Version 12.00
# Visual Studio Version 17
VisualStudioVersion = 17.5.002.0
MinimumVisualStudioVersion = 10.0.40219.1
Project("{2150E333-8FDC-42A3-9474-1A3956D46DE8}") = "src", "src", "{65B9B41A-9C7B-4CA8-B860-7B6DDE2742F8}"
EndProject
Project("{9A19103F-16F7-4668-BE54-9A1E7A4F7556}") = "mojofolio.App", "src\mojofolio.App\mojofolio.App.csproj", "{2E15893E-6F00-47B1-BECA-5DD9C9D55A41}"
EndProject
Global
	GlobalSection(SolutionConfigurationPlatforms) = preSolution
		Debug|Any CPU = Debug|Any CPU
		Release|Any CPU = Release|Any CPU
	EndGlobalSection
	GlobalSection(ProjectConfigurationPlatforms) = postSolution
		{2E15893E-6F00-47B1-BECA-5DD9C9D55A41}.Debug|Any CPU.ActiveCfg = Debug|Any CPU
		{2E15893E-6F00-47B1-BECA-5DD9C9D55A41}.Debug|Any CPU.Build.0 = Debug|Any CPU
		{2E15893E-6F00-47B1-BECA-5DD9C9D55A41}.Release|Any CPU.ActiveCfg = Release|Any CPU
		{2E15893E-6F00-47B1-BECA-5DD9C9D55A41}.Release|Any CPU.Build.0 = Release|Any CPU
	EndGlobalSection
	GlobalSection(SolutionProperties) = preSolution
		HideSolutionNode = FALSE
	EndGlobalSection
	GlobalSection(NestedProjects) = preSolution
		{2E15893E-6F00-47B1-BECA-5DD9C9D55A41} = {65B9B41A-9C7B-4CA8-B860-7B6DDE2742F8}
	EndGlobalSection
	GlobalSection(ExtensibilityGlobals) = postSolution
		SolutionGuid = {3C250AEB-0E02-46B8-8984-EEC1F8B4D4D8}
	EndGlobalSection
EndGlobal
